// !$*UTF8*$!
{
	archiveVersion = 1;
	classes = {
	};
	objectVersion = 56;
	objects = {

/* Begin PBXBuildFile section */
		0000E2202CE2DCF8009BED41 /* README.md in Resources */ = {isa = PBXBuildFile; fileRef = 0000E21F2CE2DCF8009BED41 /* README.md */; };
		006EE1372CE2D65D008F7F81 /* paw2palmApp.swift in Sources */ = {isa = PBXBuildFile; fileRef = 006EE1362CE2D65D008F7F81 /* paw2palmApp.swift */; };
		006EE1392CE2D65D008F7F81 /* ContentView.swift in Sources */ = {isa = PBXBuildFile; fileRef = 006EE1382CE2D65D008F7F81 /* ContentView.swift */; };
		006EE13B2CE2D660008F7F81 /* Assets.xcassets in Resources */ = {isa = PBXBuildFile; fileRef = 006EE13A2CE2D660008F7F81 /* Assets.xcassets */; };
		006EE13E2CE2D660008F7F81 /* Preview Assets.xcassets in Resources */ = {isa = PBXBuildFile; fileRef = 006EE13D2CE2D660008F7F81 /* Preview Assets.xcassets */; };
		009098D82CED27EF001F7E4E /* AnimalService.swift in Sources */ = {isa = PBXBuildFile; fileRef = 009098D72CED27EF001F7E4E /* AnimalService.swift */; };
		009098DA2CF5445F001F7E4E /* PetElement.swift in Sources */ = {isa = PBXBuildFile; fileRef = 009098D92CF5445F001F7E4E /* PetElement.swift */; };
		00B9FEC72CFEBDD500928CBE /* PetDetailView.swift in Sources */ = {isa = PBXBuildFile; fileRef = 00B9FEC62CFEBDD500928CBE /* PetDetailView.swift */; };
		00B9FEE92D02BB2600928CBE /* AllPetView.swift in Sources */ = {isa = PBXBuildFile; fileRef = 00B9FEE82D02BB2600928CBE /* AllPetView.swift */; };
		00B9FEEB2D02BB4B00928CBE /* ProfileView.swift in Sources */ = {isa = PBXBuildFile; fileRef = 00B9FEEA2D02BB4B00928CBE /* ProfileView.swift */; };
/* End PBXBuildFile section */

/* Begin PBXFileReference section */
		0000E21F2CE2DCF8009BED41 /* README.md */ = {isa = PBXFileReference; lastKnownFileType = net.daringfireball.markdown; path = README.md; sourceTree = "<group>"; };
		006EE1332CE2D65D008F7F81 /* paw2palm.app */ = {isa = PBXFileReference; explicitFileType = wrapper.application; includeInIndex = 0; path = paw2palm.app; sourceTree = BUILT_PRODUCTS_DIR; };
		006EE1362CE2D65D008F7F81 /* paw2palmApp.swift */ = {isa = PBXFileReference; lastKnownFileType = sourcecode.swift; path = paw2palmApp.swift; sourceTree = "<group>"; };
		006EE1382CE2D65D008F7F81 /* ContentView.swift */ = {isa = PBXFileReference; lastKnownFileType = sourcecode.swift; path = ContentView.swift; sourceTree = "<group>"; };
		006EE13A2CE2D660008F7F81 /* Assets.xcassets */ = {isa = PBXFileReference; lastKnownFileType = folder.assetcatalog; path = Assets.xcassets; sourceTree = "<group>"; };
		006EE13D2CE2D660008F7F81 /* Preview Assets.xcassets */ = {isa = PBXFileReference; lastKnownFileType = folder.assetcatalog; path = "Preview Assets.xcassets"; sourceTree = "<group>"; };
		009098D72CED27EF001F7E4E /* AnimalService.swift */ = {isa = PBXFileReference; lastKnownFileType = sourcecode.swift; path = AnimalService.swift; sourceTree = "<group>"; };
		009098D92CF5445F001F7E4E /* PetElement.swift */ = {isa = PBXFileReference; lastKnownFileType = sourcecode.swift; path = PetElement.swift; sourceTree = "<group>"; };
		00B9FEC62CFEBDD500928CBE /* PetDetailView.swift */ = {isa = PBXFileReference; lastKnownFileType = sourcecode.swift; path = PetDetailView.swift; sourceTree = "<group>"; };
		00B9FEE82D02BB2600928CBE /* AllPetView.swift */ = {isa = PBXFileReference; lastKnownFileType = sourcecode.swift; path = AllPetView.swift; sourceTree = "<group>"; };
		00B9FEEA2D02BB4B00928CBE /* ProfileView.swift */ = {isa = PBXFileReference; lastKnownFileType = sourcecode.swift; path = ProfileView.swift; sourceTree = "<group>"; };
/* End PBXFileReference section */

/* Begin PBXFrameworksBuildPhase section */
		006EE1302CE2D65C008F7F81 /* Frameworks */ = {
			isa = PBXFrameworksBuildPhase;
			buildActionMask = 2147483647;
			files = (
			);
			runOnlyForDeploymentPostprocessing = 0;
		};
/* End PBXFrameworksBuildPhase section */

/* Begin PBXGroup section */
		006EE12A2CE2D65C008F7F81 = {
			isa = PBXGroup;
			children = (
				006EE1352CE2D65D008F7F81 /* paw2palm */,
				006EE1342CE2D65D008F7F81 /* Products */,
			);
			sourceTree = "<group>";
		};
		006EE1342CE2D65D008F7F81 /* Products */ = {
			isa = PBXGroup;
			children = (
				006EE1332CE2D65D008F7F81 /* paw2palm.app */,
			);
			name = Products;
			sourceTree = "<group>";
		};
		006EE1352CE2D65D008F7F81 /* paw2palm */ = {
			isa = PBXGroup;
			children = (
				006EE1362CE2D65D008F7F81 /* paw2palmApp.swift */,
				006EE1382CE2D65D008F7F81 /* ContentView.swift */,
				006EE13A2CE2D660008F7F81 /* Assets.xcassets */,
				006EE13C2CE2D660008F7F81 /* Preview Content */,
				0000E21F2CE2DCF8009BED41 /* README.md */,
				009098D72CED27EF001F7E4E /* AnimalService.swift */,
				009098D92CF5445F001F7E4E /* PetElement.swift */,
				00B9FEC62CFEBDD500928CBE /* PetDetailView.swift */,
				00B9FEE82D02BB2600928CBE /* AllPetView.swift */,
				00B9FEEA2D02BB4B00928CBE /* ProfileView.swift */,
			);
			path = paw2palm;
			sourceTree = "<group>";
		};
		006EE13C2CE2D660008F7F81 /* Preview Content */ = {
			isa = PBXGroup;
			children = (
				006EE13D2CE2D660008F7F81 /* Preview Assets.xcassets */,
			);
			path = "Preview Content";
			sourceTree = "<group>";
		};
/* End PBXGroup section */

/* Begin PBXNativeTarget section */
		006EE1322CE2D65C008F7F81 /* paw2palm */ = {
			isa = PBXNativeTarget;
			buildConfigurationList = 006EE1412CE2D660008F7F81 /* Build configuration list for PBXNativeTarget "paw2palm" */;
			buildPhases = (
				006EE12F2CE2D65C008F7F81 /* Sources */,
				006EE1302CE2D65C008F7F81 /* Frameworks */,
				006EE1312CE2D65C008F7F81 /* Resources */,
			);
			buildRules = (
			);
			dependencies = (
			);
			name = paw2palm;
			productName = paw2palm;
			productReference = 006EE1332CE2D65D008F7F81 /* paw2palm.app */;
			productType = "com.apple.product-type.application";
		};
/* End PBXNativeTarget section */

/* Begin PBXProject section */
		006EE12B2CE2D65C008F7F81 /* Project object */ = {
			isa = PBXProject;
			attributes = {
				BuildIndependentTargetsInParallel = 1;
				LastSwiftUpdateCheck = 1540;
				LastUpgradeCheck = 1540;
				TargetAttributes = {
					006EE1322CE2D65C008F7F81 = {
						CreatedOnToolsVersion = 15.4;
					};
				};
			};
			buildConfigurationList = 006EE12E2CE2D65C008F7F81 /* Build configuration list for PBXProject "paw2palm" */;
			compatibilityVersion = "Xcode 14.0";
			developmentRegion = en;
			hasScannedForEncodings = 0;
			knownRegions = (
				en,
				Base,
			);
			mainGroup = 006EE12A2CE2D65C008F7F81;
			productRefGroup = 006EE1342CE2D65D008F7F81 /* Products */;
			projectDirPath = "";
			projectRoot = "";
			targets = (
				006EE1322CE2D65C008F7F81 /* paw2palm */,
			);
		};
/* End PBXProject section */

/* Begin PBXResourcesBuildPhase section */
		006EE1312CE2D65C008F7F81 /* Resources */ = {
			isa = PBXResourcesBuildPhase;
			buildActionMask = 2147483647;
			files = (
				0000E2202CE2DCF8009BED41 /* README.md in Resources */,
				006EE13E2CE2D660008F7F81 /* Preview Assets.xcassets in Resources */,
				006EE13B2CE2D660008F7F81 /* Assets.xcassets in Resources */,
			);
			runOnlyForDeploymentPostprocessing = 0;
		};
/* End PBXResourcesBuildPhase section */

/* Begin PBXSourcesBuildPhase section */
		006EE12F2CE2D65C008F7F81 /* Sources */ = {
			isa = PBXSourcesBuildPhase;
			buildActionMask = 2147483647;
			files = (
				00B9FEE92D02BB2600928CBE /* AllPetView.swift in Sources */,
				009098D82CED27EF001F7E4E /* AnimalService.swift in Sources */,
				00B9FEC72CFEBDD500928CBE /* PetDetailView.swift in Sources */,
				006EE1392CE2D65D008F7F81 /* ContentView.swift in Sources */,
				009098DA2CF5445F001F7E4E /* PetElement.swift in Sources */,
				00B9FEEB2D02BB4B00928CBE /* ProfileView.swift in Sources */,
				006EE1372CE2D65D008F7F81 /* paw2palmApp.swift in Sources */,
			);
			runOnlyForDeploymentPostprocessing = 0;
		};
/* End PBXSourcesBuildPhase section */

/* Begin XCBuildConfiguration section */
		006EE13F2CE2D660008F7F81 /* Debug */ = {
			isa = XCBuildConfiguration;
			buildSettings = {
				ALWAYS_SEARCH_USER_PATHS = NO;
				ASSETCATALOG_COMPILER_GENERATE_SWIFT_ASSET_SYMBOL_EXTENSIONS = YES;
				CLANG_ANALYZER_NONNULL = YES;
				CLANG_ANALYZER_NUMBER_OBJECT_CONVERSION = YES_AGGRESSIVE;
				CLANG_CXX_LANGUAGE_STANDARD = "gnu++20";
				CLANG_ENABLE_MODULES = YES;
				CLANG_ENABLE_OBJC_ARC = YES;
				CLANG_ENABLE_OBJC_WEAK = YES;
				CLANG_WARN_BLOCK_CAPTURE_AUTORELEASING = YES;
				CLANG_WARN_BOOL_CONVERSION = YES;
				CLANG_WARN_COMMA = YES;
				CLANG_WARN_CONSTANT_CONVERSION = YES;
				CLANG_WARN_DEPRECATED_OBJC_IMPLEMENTATIONS = YES;
				CLANG_WARN_DIRECT_OBJC_ISA_USAGE = YES_ERROR;
				CLANG_WARN_DOCUMENTATION_COMMENTS = YES;
				CLANG_WARN_EMPTY_BODY = YES;
				CLANG_WARN_ENUM_CONVERSION = YES;
				CLANG_WARN_INFINITE_RECURSION = YES;
				CLANG_WARN_INT_CONVERSION = YES;
				CLANG_WARN_NON_LITERAL_NULL_CONVERSION = YES;
				CLANG_WARN_OBJC_IMPLICIT_RETAIN_SELF = YES;
				CLANG_WARN_OBJC_LITERAL_CONVERSION = YES;
				CLANG_WARN_OBJC_ROOT_CLASS = YES_ERROR;
				CLANG_WARN_QUOTED_INCLUDE_IN_FRAMEWORK_HEADER = YES;
				CLANG_WARN_RANGE_LOOP_ANALYSIS = YES;
				CLANG_WARN_STRICT_PROTOTYPES = YES;
				CLANG_WARN_SUSPICIOUS_MOVE = YES;
				CLANG_WARN_UNGUARDED_AVAILABILITY = YES_AGGRESSIVE;
				CLANG_WARN_UNREACHABLE_CODE = YES;
				CLANG_WARN__DUPLICATE_METHOD_MATCH = YES;
				COPY_PHASE_STRIP = NO;
				DEBUG_INFORMATION_FORMAT = dwarf;
				ENABLE_STRICT_OBJC_MSGSEND = YES;
				ENABLE_TESTABILITY = YES;
				ENABLE_USER_SCRIPT_SANDBOXING = YES;
				GCC_C_LANGUAGE_STANDARD = gnu17;
				GCC_DYNAMIC_NO_PIC = NO;
				GCC_NO_COMMON_BLOCKS = YES;
				GCC_OPTIMIZATION_LEVEL = 0;
				GCC_PREPROCESSOR_DEFINITIONS = (
					"DEBUG=1",
					"$(inherited)",
				);
				GCC_WARN_64_TO_32_BIT_CONVERSION = YES;
				GCC_WARN_ABOUT_RETURN_TYPE = YES_ERROR;
				GCC_WARN_UNDECLARED_SELECTOR = YES;
				GCC_WARN_UNINITIALIZED_AUTOS = YES_AGGRESSIVE;
				GCC_WARN_UNUSED_FUNCTION = YES;
				GCC_WARN_UNUSED_VARIABLE = YES;
				IPHONEOS_DEPLOYMENT_TARGET = 17.5;
				LOCALIZATION_PREFERS_STRING_CATALOGS = YES;
				MTL_ENABLE_DEBUG_INFO = INCLUDE_SOURCE;
				MTL_FAST_MATH = YES;
				ONLY_ACTIVE_ARCH = YES;
				SDKROOT = iphoneos;
				SWIFT_ACTIVE_COMPILATION_CONDITIONS = "DEBUG $(inherited)";
				SWIFT_OPTIMIZATION_LEVEL = "-Onone";
			};
			name = Debug;
		};
		006EE1402CE2D660008F7F81 /* Release */ = {
			isa = XCBuildConfiguration;
			buildSettings = {
				ALWAYS_SEARCH_USER_PATHS = NO;
				ASSETCATALOG_COMPILER_GENERATE_SWIFT_ASSET_SYMBOL_EXTENSIONS = YES;
				CLANG_ANALYZER_NONNULL = YES;
				CLANG_ANALYZER_NUMBER_OBJECT_CONVERSION = YES_AGGRESSIVE;
				CLANG_CXX_LANGUAGE_STANDARD = "gnu++20";
				CLANG_ENABLE_MODULES = YES;
				CLANG_ENABLE_OBJC_ARC = YES;
				CLANG_ENABLE_OBJC_WEAK = YES;
				CLANG_WARN_BLOCK_CAPTURE_AUTORELEASING = YES;
				CLANG_WARN_BOOL_CONVERSION = YES;
				CLANG_WARN_COMMA = YES;
				CLANG_WARN_CONSTANT_CONVERSION = YES;
				CLANG_WARN_DEPRECATED_OBJC_IMPLEMENTATIONS = YES;
				CLANG_WARN_DIRECT_OBJC_ISA_USAGE = YES_ERROR;
				CLANG_WARN_DOCUMENTATION_COMMENTS = YES;
				CLANG_WARN_EMPTY_BODY = YES;
				CLANG_WARN_ENUM_CONVERSION = YES;
				CLANG_WARN_INFINITE_RECURSION = YES;
				CLANG_WARN_INT_CONVERSION = YES;
				CLANG_WARN_NON_LITERAL_NULL_CONVERSION = YES;
				CLANG_WARN_OBJC_IMPLICIT_RETAIN_SELF = YES;
				CLANG_WARN_OBJC_LITERAL_CONVERSION = YES;
				CLANG_WARN_OBJC_ROOT_CLASS = YES_ERROR;
				CLANG_WARN_QUOTED_INCLUDE_IN_FRAMEWORK_HEADER = YES;
				CLANG_WARN_RANGE_LOOP_ANALYSIS = YES;
				CLANG_WARN_STRICT_PROTOTYPES = YES;
				CLANG_WARN_SUSPICIOUS_MOVE = YES;
				CLANG_WARN_UNGUARDED_AVAILABILITY = YES_AGGRESSIVE;
				CLANG_WARN_UNREACHABLE_CODE = YES;
				CLANG_WARN__DUPLICATE_METHOD_MATCH = YES;
				COPY_PHASE_STRIP = NO;
				DEBUG_INFORMATION_FORMAT = "dwarf-with-dsym";
				ENABLE_NS_ASSERTIONS = NO;
				ENABLE_STRICT_OBJC_MSGSEND = YES;
				ENABLE_USER_SCRIPT_SANDBOXING = YES;
				GCC_C_LANGUAGE_STANDARD = gnu17;
				GCC_NO_COMMON_BLOCKS = YES;
				GCC_WARN_64_TO_32_BIT_CONVERSION = YES;
				GCC_WARN_ABOUT_RETURN_TYPE = YES_ERROR;
				GCC_WARN_UNDECLARED_SELECTOR = YES;
				GCC_WARN_UNINITIALIZED_AUTOS = YES_AGGRESSIVE;
				GCC_WARN_UNUSED_FUNCTION = YES;
				GCC_WARN_UNUSED_VARIABLE = YES;
				IPHONEOS_DEPLOYMENT_TARGET = 17.5;
				LOCALIZATION_PREFERS_STRING_CATALOGS = YES;
				MTL_ENABLE_DEBUG_INFO = NO;
				MTL_FAST_MATH = YES;
				SDKROOT = iphoneos;
				SWIFT_COMPILATION_MODE = wholemodule;
				VALIDATE_PRODUCT = YES;
			};
			name = Release;
		};
		006EE1422CE2D660008F7F81 /* Debug */ = {
			isa = XCBuildConfiguration;
			buildSettings = {
				ASSETCATALOG_COMPILER_APPICON_NAME = AppIcon;
				ASSETCATALOG_COMPILER_GLOBAL_ACCENT_COLOR_NAME = AccentColor;
				CODE_SIGN_STYLE = Automatic;
				CURRENT_PROJECT_VERSION = 1;
				DEVELOPMENT_ASSET_PATHS = "\"paw2palm/Preview Content\"";
				ENABLE_PREVIEWS = YES;
				GENERATE_INFOPLIST_FILE = YES;
				INFOPLIST_KEY_UIApplicationSceneManifest_Generation = YES;
				INFOPLIST_KEY_UIApplicationSupportsIndirectInputEvents = YES;
				INFOPLIST_KEY_UILaunchScreen_Generation = YES;
				INFOPLIST_KEY_UISupportedInterfaceOrientations_iPad = "UIInterfaceOrientationPortrait UIInterfaceOrientationPortraitUpsideDown UIInterfaceOrientationLandscapeLeft UIInterfaceOrientationLandscapeRight";
				INFOPLIST_KEY_UISupportedInterfaceOrientations_iPhone = "UIInterfaceOrientationPortrait UIInterfaceOrientationLandscapeLeft UIInterfaceOrientationLandscapeRight";
				LD_RUNPATH_SEARCH_PATHS = (
					"$(inherited)",
					"@executable_path/Frameworks",
				);
				MARKETING_VERSION = 1.0;
				PRODUCT_BUNDLE_IDENTIFIER = rpilapil.sfsu.edu.paw2palm;
				PRODUCT_NAME = "$(TARGET_NAME)";
				SWIFT_EMIT_LOC_STRINGS = YES;
				SWIFT_VERSION = 5.0;
				TARGETED_DEVICE_FAMILY = "1,2";
			};
			name = Debug;
		};
		006EE1432CE2D660008F7F81 /* Release */ = {
			isa = XCBuildConfiguration;
			buildSettings = {
				ASSETCATALOG_COMPILER_APPICON_NAME = AppIcon;
				ASSETCATALOG_COMPILER_GLOBAL_ACCENT_COLOR_NAME = AccentColor;
				CODE_SIGN_STYLE = Automatic;
				CURRENT_PROJECT_VERSION = 1;
				DEVELOPMENT_ASSET_PATHS = "\"paw2palm/Preview Content\"";
				ENABLE_PREVIEWS = YES;
				GENERATE_INFOPLIST_FILE = YES;
				INFOPLIST_KEY_UIApplicationSceneManifest_Generation = YES;
				INFOPLIST_KEY_UIApplicationSupportsIndirectInputEvents = YES;
				INFOPLIST_KEY_UILaunchScreen_Generation = YES;
				INFOPLIST_KEY_UISupportedInterfaceOrientations_iPad = "UIInterfaceOrientationPortrait UIInterfaceOrientationPortraitUpsideDown UIInterfaceOrientationLandscapeLeft UIInterfaceOrientationLandscapeRight";
				INFOPLIST_KEY_UISupportedInterfaceOrientations_iPhone = "UIInterfaceOrientationPortrait UIInterfaceOrientationLandscapeLeft UIInterfaceOrientationLandscapeRight";
				LD_RUNPATH_SEARCH_PATHS = (
					"$(inherited)",
					"@executable_path/Frameworks",
				);
				MARKETING_VERSION = 1.0;
				PRODUCT_BUNDLE_IDENTIFIER = rpilapil.sfsu.edu.paw2palm;
				PRODUCT_NAME = "$(TARGET_NAME)";
				SWIFT_EMIT_LOC_STRINGS = YES;
				SWIFT_VERSION = 5.0;
				TARGETED_DEVICE_FAMILY = "1,2";
			};
			name = Release;
		};
/* End XCBuildConfiguration section */

/* Begin XCConfigurationList section */
		006EE12E2CE2D65C008F7F81 /* Build configuration list for PBXProject "paw2palm" */ = {
			isa = XCConfigurationList;
			buildConfigurations = (
				006EE13F2CE2D660008F7F81 /* Debug */,
				006EE1402CE2D660008F7F81 /* Release */,
			);
			defaultConfigurationIsVisible = 0;
			defaultConfigurationName = Release;
		};
		006EE1412CE2D660008F7F81 /* Build configuration list for PBXNativeTarget "paw2palm" */ = {
			isa = XCConfigurationList;
			buildConfigurations = (
				006EE1422CE2D660008F7F81 /* Debug */,
				006EE1432CE2D660008F7F81 /* Release */,
			);
			defaultConfigurationIsVisible = 0;
			defaultConfigurationName = Release;
		};
/* End XCConfigurationList section */
	};
	rootObject = 006EE12B2CE2D65C008F7F81 /* Project object */;
}
